{
  "name": "micro-node",
  "version": "1.0.0",
  "lockfileVersion": 1,
  "requires": true,
  "dependencies": {
    "@hapi/address": {
      "version": "4.1.0",
      "resolved": "https://registry.npm.taobao.org/@hapi/address/download/@hapi/address-4.1.0.tgz",
      "integrity": "sha1-1gxcDZMOd0Vv3N4lmOdzAuKVXh0=",
      "requires": {
        "@hapi/hoek": "^9.0.0"
      }
    },
    "@hapi/boom": {
      "version": "9.1.1",
      "resolved": "https://registry.npm.taobao.org/@hapi/boom/download/@hapi/boom-9.1.1.tgz",
      "integrity": "sha1-iebw4BY3wqQijaDRE+gVfJNnewQ=",
      "requires": {
        "@hapi/hoek": "9.x.x"
      }
    },
    "@hapi/bourne": {
      "version": "2.0.0",
      "resolved": "https://registry.npm.taobao.org/@hapi/bourne/download/@hapi/bourne-2.0.0.tgz",
      "integrity": "sha1-W7IZPraFwAB1QMph0WbU4e2vkY0="
    },
    "@hapi/formula": {
      "version": "2.0.0",
      "resolved": "https://registry.npm.taobao.org/@hapi/formula/download/@hapi/formula-2.0.0.tgz",
      "integrity": "sha1-7a3gYZ7VjI5PFk8jPNpwIR54cSg="
    },
    "@hapi/hoek": {
      "version": "9.1.1",
      "resolved": "https://registry.npm.taobao.org/@hapi/hoek/download/@hapi/hoek-9.1.1.tgz?cache=0&sync_timestamp=1609087073681&other_urls=https%3A%2F%2Fregistry.npm.taobao.org%2F%40hapi%2Fhoek%2Fdownload%2F%40hapi%2Fhoek-9.1.1.tgz",
      "integrity": "sha1-na9XRRVv2EuOmImi3HIfDFjolKo="
    },
    "@hapi/joi": {
      "version": "17.1.1",
      "resolved": "https://registry.npm.taobao.org/@hapi/joi/download/@hapi/joi-17.1.1.tgz",
      "integrity": "sha1-nMjX4sIhPR5GcIxiYBhLRHxmE1A=",
      "requires": {
        "@hapi/address": "^4.0.1",
        "@hapi/formula": "^2.0.0",
        "@hapi/hoek": "^9.0.0",
        "@hapi/pinpoint": "^2.0.0",
        "@hapi/topo": "^5.0.0"
      }
    },
    "@hapi/pinpoint": {
      "version": "2.0.0",
      "resolved": "https://registry.npm.taobao.org/@hapi/pinpoint/download/@hapi/pinpoint-2.0.0.tgz",
      "integrity": "sha1-gFtA1NvsBPwRanMIlJTgDwc96N8="
    },
    "@hapi/topo": {
      "version": "5.0.0",
      "resolved": "https://registry.npm.taobao.org/@hapi/topo/download/@hapi/topo-5.0.0.tgz?cache=0&sync_timestamp=1593916080558&other_urls=https%3A%2F%2Fregistry.npm.taobao.org%2F%40hapi%2Ftopo%2Fdownload%2F%40hapi%2Ftopo-5.0.0.tgz",
      "integrity": "sha1-wZr4V3+jk6BunHe2CZWvlZvnIec=",
      "requires": {
        "@hapi/hoek": "^9.0.0"
      }
    },
    "@hapi/wreck": {
      "version": "17.1.0",
      "resolved": "https://registry.npm.taobao.org/@hapi/wreck/download/@hapi/wreck-17.1.0.tgz",
      "integrity": "sha1-+9w4DG8/ofgFLcYSstO2zj6I2+w=",
      "requires": {
        "@hapi/boom": "9.x.x",
        "@hapi/bourne": "2.x.x",
        "@hapi/hoek": "9.x.x"
      }
    },
    "backoff": {
      "version": "2.5.0",
      "resolved": "https://registry.npm.taobao.org/backoff/download/backoff-2.5.0.tgz",
      "integrity": "sha1-9hbtqdPktmuMp/ynn2lXIsX44m8=",
      "requires": {
        "precond": "0.2"
      }
    },
    "core-util-is": {
      "version": "1.0.2",
      "resolved": "https://registry.npm.taobao.org/core-util-is/download/core-util-is-1.0.2.tgz",
      "integrity": "sha1-tf1UIgqivFq1eqtxQMlAdUUDwac="
    },
    "eraro": {
      "version": "2.1.0",
      "resolved": "https://registry.npm.taobao.org/eraro/download/eraro-2.1.0.tgz",
      "integrity": "sha1-HKOF+YeOMx8fEgIsu9b5n66jBRU=",
      "requires": {
        "lodash.template": "^4.5.0"
      }
    },
    "fast-safe-stringify": {
      "version": "2.0.7",
      "resolved": "https://registry.npm.taobao.org/fast-safe-stringify/download/fast-safe-stringify-2.0.7.tgz",
      "integrity": "sha1-EkqohYmSYfaK7bQqfAgN6dpgh0M="
    },
    "gate-executor": {
      "version": "3.0.0",
      "resolved": "https://registry.npm.taobao.org/gate-executor/download/gate-executor-3.0.0.tgz",
      "integrity": "sha1-ZL6QdDawPMQw4uxEYC/NcN3e17s="
    },
    "gex": {
      "version": "3.1.0",
      "resolved": "https://registry.npm.taobao.org/gex/download/gex-3.1.0.tgz",
      "integrity": "sha1-WSGDKEY696yI8C5yJrVVnLupdlw="
    },
    "inherits": {
      "version": "2.0.4",
      "resolved": "https://registry.npm.taobao.org/inherits/download/inherits-2.0.4.tgz",
      "integrity": "sha1-D6LGT5MpF8NDOg3tVTY6rjdBa3w="
    },
    "isarray": {
      "version": "1.0.0",
      "resolved": "https://registry.npm.taobao.org/isarray/download/isarray-1.0.0.tgz",
      "integrity": "sha1-u5NdSFgsuhaMBoNJV6VKPgcSTxE="
    },
    "json-stringify-safe": {
      "version": "5.0.1",
      "resolved": "https://registry.npm.taobao.org/json-stringify-safe/download/json-stringify-safe-5.0.1.tgz",
      "integrity": "sha1-Epai1Y/UXxmg9s4B1lcB4sc1tus="
    },
    "jsonic": {
      "version": "1.0.1",
      "resolved": "https://registry.npm.taobao.org/jsonic/download/jsonic-1.0.1.tgz",
      "integrity": "sha1-gXBU33q/r1JezznWZHou1tX8p/E="
    },
    "lodash._reinterpolate": {
      "version": "3.0.0",
      "resolved": "https://registry.npm.taobao.org/lodash._reinterpolate/download/lodash._reinterpolate-3.0.0.tgz",
      "integrity": "sha1-DM8tiRZq8Ds2Y8eWU4t1rG4RTZ0="
    },
    "lodash.defaultsdeep": {
      "version": "4.6.1",
      "resolved": "https://registry.npm.taobao.org/lodash.defaultsdeep/download/lodash.defaultsdeep-4.6.1.tgz",
      "integrity": "sha1-US6b1yHSctlOPTpjZT+hdRZ0HKY="
    },
    "lodash.flatten": {
      "version": "4.4.0",
      "resolved": "https://registry.npm.taobao.org/lodash.flatten/download/lodash.flatten-4.4.0.tgz",
      "integrity": "sha1-8xwiIlqWMtK7+OSt2+8kCqdlph8="
    },
    "lodash.foreach": {
      "version": "4.5.0",
      "resolved": "https://registry.npm.taobao.org/lodash.foreach/download/lodash.foreach-4.5.0.tgz",
      "integrity": "sha1-Gmo16s5AEoDH8G3d7DUWWrJ+PlM="
    },
    "lodash.isarguments": {
      "version": "3.1.0",
      "resolved": "https://registry.npm.taobao.org/lodash.isarguments/download/lodash.isarguments-3.1.0.tgz",
      "integrity": "sha1-L1c9hcaiQon/AGY7SRwdM4/zRYo="
    },
    "lodash.isdate": {
      "version": "4.0.1",
      "resolved": "https://registry.npm.taobao.org/lodash.isdate/download/lodash.isdate-4.0.1.tgz",
      "integrity": "sha1-NaVDZzuddhEN5BFLMsxXcEin82Y="
    },
    "lodash.isnan": {
      "version": "3.0.2",
      "resolved": "https://registry.npm.taobao.org/lodash.isnan/download/lodash.isnan-3.0.2.tgz",
      "integrity": "sha1-gu0Epfnqi9YibQwmrwysMvRQd0U="
    },
    "lodash.isregexp": {
      "version": "4.0.1",
      "resolved": "https://registry.npm.taobao.org/lodash.isregexp/download/lodash.isregexp-4.0.1.tgz",
      "integrity": "sha1-4T5kezDNVZdSoEzZEghvr32hwws="
    },
    "lodash.omit": {
      "version": "4.5.0",
      "resolved": "https://registry.npm.taobao.org/lodash.omit/download/lodash.omit-4.5.0.tgz",
      "integrity": "sha1-brGa5aHuHdnfC5aeZs4Lf6MLXmA="
    },
    "lodash.template": {
      "version": "4.5.0",
      "resolved": "https://registry.npm.taobao.org/lodash.template/download/lodash.template-4.5.0.tgz",
      "integrity": "sha1-+XYZXPPzR9DV9SSDVp/oAxzM6Ks=",
      "requires": {
        "lodash._reinterpolate": "^3.0.0",
        "lodash.templatesettings": "^4.0.0"
      }
    },
    "lodash.templatesettings": {
      "version": "4.2.0",
      "resolved": "https://registry.npm.taobao.org/lodash.templatesettings/download/lodash.templatesettings-4.2.0.tgz",
      "integrity": "sha1-5IExDwSdPPbUfpEq0JMTsVTw+zM=",
      "requires": {
        "lodash._reinterpolate": "^3.0.0"
      }
    },
    "lodash.uniq": {
      "version": "4.5.0",
      "resolved": "https://registry.npm.taobao.org/lodash.uniq/download/lodash.uniq-4.5.0.tgz",
      "integrity": "sha1-0CJTc662Uq3BvILklFM5qEJ1R3M="
    },
    "lru-cache": {
      "version": "5.1.1",
      "resolved": "https://registry.npm.taobao.org/lru-cache/download/lru-cache-5.1.1.tgz?cache=0&sync_timestamp=1594427569171&other_urls=https%3A%2F%2Fregistry.npm.taobao.org%2Flru-cache%2Fdownload%2Flru-cache-5.1.1.tgz",
      "integrity": "sha1-HaJ+ZxAnGUdpXa9oSOhH8B2EuSA=",
      "requires": {
        "yallist": "^3.0.2"
      }
    },
    "minimist": {
      "version": "1.2.5",
      "resolved": "https://registry.npm.taobao.org/minimist/download/minimist-1.2.5.tgz",
      "integrity": "sha1-Z9ZgFLZqaoqqDAg8X9WN9OTpdgI="
    },
    "ndjson": {
      "version": "1.5.0",
      "resolved": "https://registry.npm.taobao.org/ndjson/download/ndjson-1.5.0.tgz",
      "integrity": "sha1-rmA7NrE0vOw0e0UkIrC/mNWDLsg=",
      "requires": {
        "json-stringify-safe": "^5.0.1",
        "minimist": "^1.2.0",
        "split2": "^2.1.0",
        "through2": "^2.0.3"
      }
    },
    "nid": {
      "version": "1.3.3",
      "resolved": "https://registry.npm.taobao.org/nid/download/nid-1.3.3.tgz",
      "integrity": "sha1-Nvlm1GxaFSWIAkd7zJ6kHtPqU0o="
    },
    "norma": {
      "version": "2.0.2",
      "resolved": "https://registry.npm.taobao.org/norma/download/norma-2.0.2.tgz",
      "integrity": "sha1-3urRo2H3Fm0jWfY8QgLD3zuduaw=",
      "requires": {
        "eraro": "^2.0.0",
        "lodash.isarguments": "^3.1.0",
        "lodash.isdate": "^4.0.1",
        "lodash.isnan": "^3.0.2",
        "lodash.isregexp": "^4.0.1"
      }
    },
    "nua": {
      "version": "1.0.2",
      "resolved": "https://registry.npm.taobao.org/nua/download/nua-1.0.2.tgz",
      "integrity": "sha1-z3PIBgGISFltBwkI0KwmsoxnJOA="
    },
    "optioner": {
      "version": "5.0.1",
      "resolved": "https://registry.npm.taobao.org/optioner/download/optioner-5.0.1.tgz",
      "integrity": "sha1-kMTz+blLk68aI7m8/I7sm4YSWxo=",
      "requires": {
        "@hapi/hoek": "^9.0.3",
        "@hapi/joi": "^17.1.0"
      }
    },
    "ordu": {
      "version": "2.0.0",
      "resolved": "https://registry.npm.taobao.org/ordu/download/ordu-2.0.0.tgz",
      "integrity": "sha1-N20q4D5OKOShyGsaass3TwP+VA0=",
      "requires": {
        "@hapi/hoek": "^9.1.0",
        "nua": "^1.0.2",
        "strict-event-emitter-types": "^2.0.0"
      }
    },
    "patrun": {
      "version": "7.0.0",
      "resolved": "https://registry.npm.taobao.org/patrun/download/patrun-7.0.0.tgz",
      "integrity": "sha1-7cpEutJBjXuCx6x+MjGfu+Pe0YQ=",
      "requires": {
        "gex": "^3.0.1"
      }
    },
    "precond": {
      "version": "0.2.3",
      "resolved": "https://registry.npm.taobao.org/precond/download/precond-0.2.3.tgz",
      "integrity": "sha1-qpWRvKokkj8eD0hJ0kD0fvwQdaw="
    },
    "process-nextick-args": {
      "version": "2.0.1",
      "resolved": "https://registry.npm.taobao.org/process-nextick-args/download/process-nextick-args-2.0.1.tgz",
      "integrity": "sha1-eCDZsWEgzFXKmud5JoCufbptf+I="
    },
    "qs": {
      "version": "6.9.6",
      "resolved": "https://registry.npm.taobao.org/qs/download/qs-6.9.6.tgz?cache=0&sync_timestamp=1610598174727&other_urls=https%3A%2F%2Fregistry.npm.taobao.org%2Fqs%2Fdownload%2Fqs-6.9.6.tgz",
      "integrity": "sha1-Ju08gkOkMbKSSsqEzJBHHzXVoO4="
    },
    "readable-stream": {
      "version": "2.3.7",
      "resolved": "https://registry.npm.taobao.org/readable-stream/download/readable-stream-2.3.7.tgz",
      "integrity": "sha1-Hsoc9xGu+BTAT2IlKjamL2yyO1c=",
      "requires": {
        "core-util-is": "~1.0.0",
        "inherits": "~2.0.3",
        "isarray": "~1.0.0",
        "process-nextick-args": "~2.0.0",
        "safe-buffer": "~5.1.1",
        "string_decoder": "~1.1.1",
        "util-deprecate": "~1.0.1"
      }
    },
    "reconnect-core": {
      "version": "1.3.0",
      "resolved": "https://registry.npm.taobao.org/reconnect-core/download/reconnect-core-1.3.0.tgz",
      "integrity": "sha1-+65SkZp4d9hE4yRtAaLyZwHIM8g=",
      "requires": {
        "backoff": "~2.5.0"
      }
    },
    "rolling-stats": {
      "version": "0.1.1",
      "resolved": "https://registry.npm.taobao.org/rolling-stats/download/rolling-stats-0.1.1.tgz",
      "integrity": "sha1-zVr3dKiJOzCmdIMvovSrqkeM/IA="
    },
    "safe-buffer": {
      "version": "5.1.2",
      "resolved": "https://registry.npm.taobao.org/safe-buffer/download/safe-buffer-5.1.2.tgz?cache=0&sync_timestamp=1589129010497&other_urls=https%3A%2F%2Fregistry.npm.taobao.org%2Fsafe-buffer%2Fdownload%2Fsafe-buffer-5.1.2.tgz",
      "integrity": "sha1-mR7GnSluAxN0fVm9/St0XDX4go0="
    },
    "seneca": {
      "version": "3.23.2",
      "resolved": "https://registry.npm.taobao.org/seneca/download/seneca-3.23.2.tgz",
      "integrity": "sha1-Sx1NIjWkvOf4WzJeM10AwBbCB6U=",
      "requires": {
        "@hapi/joi": "^17.1.1",
        "@hapi/wreck": "^17.1.0",
        "eraro": "^2.1.0",
        "fast-safe-stringify": "^2.0.7",
        "gate-executor": "^3.0.0",
        "jsonic": "^1.0.1",
        "lodash.defaultsdeep": "^4.6.1",
        "lodash.flatten": "^4.4.0",
        "lodash.uniq": "^4.5.0",
        "minimist": "^1.2.5",
        "nid": "^1.3.3",
        "norma": "^2.0.2",
        "optioner": "^5.0.1",
        "ordu": "^2.0.0",
        "patrun": "^7.0.0",
        "qs": "^6.9.6",
        "rolling-stats": "^0.1.1",
        "seneca-transport": "^6.0.0",
        "use-plugin": "^8.2.0"
      }
    },
    "seneca-transport": {
      "version": "6.0.0",
      "resolved": "https://registry.npm.taobao.org/seneca-transport/download/seneca-transport-6.0.0.tgz",
      "integrity": "sha1-mgGg0jJOptE/era+jhyyR6ohPLg=",
      "requires": {
        "@hapi/wreck": "^17.0.0",
        "eraro": "^2.1.0",
        "gex": "^1.0.0",
        "jsonic": "^0.3.1",
        "lodash.foreach": "^4.5.0",
        "lodash.omit": "^4.5.0",
        "lru-cache": "^5.1.1",
        "ndjson": "^1.5.0",
        "nid": "^1.1.0",
        "patrun": "^3.0.0",
        "qs": "^6.9.4",
        "reconnect-core": "^1.3.0"
      },
      "dependencies": {
        "gex": {
          "version": "1.0.0",
          "resolved": "https://registry.npm.taobao.org/gex/download/gex-1.0.0.tgz",
          "integrity": "sha1-maz+E96Zh+igvryPcqXvSRxa0jE="
        },
        "jsonic": {
          "version": "0.3.1",
          "resolved": "https://registry.npm.taobao.org/jsonic/download/jsonic-0.3.1.tgz",
          "integrity": "sha1-2jBhhdxjW2Sa2TTj9oJhiMrXO9s="
        },
        "patrun": {
          "version": "3.0.0",
          "resolved": "https://registry.npm.taobao.org/patrun/download/patrun-3.0.0.tgz",
          "integrity": "sha1-tPWQDs6nG1CiC41OSlrTFgLgrJk=",
          "requires": {
            "gex": "^1.0.0"
          }
        }
      }
    },
    "split2": {
      "version": "2.2.0",
      "resolved": "https://registry.npm.taobao.org/split2/download/split2-2.2.0.tgz",
      "integrity": "sha1-GGsldbz4PoW30YRldWI47k7kJJM=",
      "requires": {
        "through2": "^2.0.2"
      }
    },
    "strict-event-emitter-types": {
      "version": "2.0.0",
      "resolved": "https://registry.npm.taobao.org/strict-event-emitter-types/download/strict-event-emitter-types-2.0.0.tgz",
      "integrity": "sha1-BeFVSctNoWlEeKU1Q+Ti9KvPJ38="
    },
    "string_decoder": {
      "version": "1.1.1",
      "resolved": "https://registry.npm.taobao.org/string_decoder/download/string_decoder-1.1.1.tgz",
      "integrity": "sha1-nPFhG6YmhdcDCunkujQUnDrwP8g=",
      "requires": {
        "safe-buffer": "~5.1.0"
      }
    },
    "through2": {
      "version": "2.0.5",
      "resolved": "https://registry.npm.taobao.org/through2/download/through2-2.0.5.tgz",
      "integrity": "sha1-AcHjnrMdB8t9A6lqcIIyYLIxMs0=",
      "requires": {
        "readable-stream": "~2.3.6",
        "xtend": "~4.0.1"
      }
    },
    "use-plugin": {
      "version": "8.2.0",
      "resolved": "https://registry.npm.taobao.org/use-plugin/download/use-plugin-8.2.0.tgz",
      "integrity": "sha1-aj2XxFV+lsUJU24HNX0jqItB4k0=",
      "requires": {
        "eraro": "^2.1.0",
        "nid": "^1.1.0",
        "norma": "^2.0.2",
        "optioner": "^5.0.1"
      }
    },
    "util-deprecate": {
      "version": "1.0.2",
      "resolved": "https://registry.npm.taobao.org/util-deprecate/download/util-deprecate-1.0.2.tgz",
      "integrity": "sha1-RQ1Nyfpw3nMnYvvS1KKJgUGaDM8="
    },
    "xtend": {
      "version": "4.0.2",
      "resolved": "https://registry.npm.taobao.org/xtend/download/xtend-4.0.2.tgz",
      "integrity": "sha1-u3J3n1+kZRhrH0OPZ0+jR/2121Q="
    },
    "yallist": {
      "version": "3.1.1",
      "resolved": "https://registry.npm.taobao.org/yallist/download/yallist-3.1.1.tgz",
      "integrity": "sha1-27fa+b/YusmrRev2ArjLrQ1dCP0="
    }
  }
}
